
Microsoft Visual Studio Solution File, Format Version 12.00
# Visual Studio Version 17
VisualStudioVersion = 17.6.33801.468
MinimumVisualStudioVersion = 10.0.40219.1
Project("{FAE04EC0-301F-11D3-BF4B-00C04F79EFBC}") = "QuickSort", "QuickSort\QuickSort.csproj", "{72E104BD-96E2-44D0-8082-728994EA83DE}"
EndProject
Global
	GlobalSection(SolutionConfigurationPlatforms) = preSolution
		Debug|Any CPU = Debug|Any CPU
		Release|Any CPU = Release|Any CPU
	EndGlobalSection
	GlobalSection(ProjectConfigurationPlatforms) = postSolution
		{72E104BD-96E2-44D0-8082-728994EA83DE}.Debug|Any CPU.ActiveCfg = Debug|Any CPU
		{72E104BD-96E2-44D0-8082-728994EA83DE}.Debug|Any CPU.Build.0 = Debug|Any CPU
		{72E104BD-96E2-44D0-8082-728994EA83DE}.Release|Any CPU.ActiveCfg = Release|Any CPU
		{72E104BD-96E2-44D0-8082-728994EA83DE}.Release|Any CPU.Build.0 = Release|Any CPU
	EndGlobalSection
	GlobalSection(SolutionProperties) = preSolution
		HideSolutionNode = FALSE
	EndGlobalSection
	GlobalSection(ExtensibilityGlobals) = postSolution
		SolutionGuid = {FBCC586D-F148-4E50-BB21-8980FB6AB0B0}
	EndGlobalSection
EndGlobal
